
Microsoft Visual Studio Solution File, Format Version 12.00
# Visual Studio 14
VisualStudioVersion = 14.0.25420.1
MinimumVisualStudioVersion = 10.0.40219.1
Project("{FAE04EC0-301F-11D3-BF4B-00C04F79EFBC}") = "FizzBuzzConsole", "FizzBuzzConsole\FizzBuzzConsole.csproj", "{B65C3155-C52A-4124-B891-92C15E12C32F}"
EndProject
Project("{FAE04EC0-301F-11D3-BF4B-00C04F79EFBC}") = "FizzBuzz", "FizzBuzzGenerator\FizzBuzz.csproj", "{86EE2439-4FEC-4EF6-B478-39B43DA05C61}"
EndProject
Project("{FAE04EC0-301F-11D3-BF4B-00C04F79EFBC}") = "FizzBuzz.Tests", "FizzBuzzGenerator.Tests\FizzBuzz.Tests.csproj", "{D542C6EB-EB6B-43CD-A030-55BF453054A2}"
EndProject
Global
	GlobalSection(SolutionConfigurationPlatforms) = preSolution
		Debug|Any CPU = Debug|Any CPU
		Release|Any CPU = Release|Any CPU
	EndGlobalSection
	GlobalSection(ProjectConfigurationPlatforms) = postSolution
		{B65C3155-C52A-4124-B891-92C15E12C32F}.Debug|Any CPU.ActiveCfg = Debug|Any CPU
		{B65C3155-C52A-4124-B891-92C15E12C32F}.Debug|Any CPU.Build.0 = Debug|Any CPU
		{B65C3155-C52A-4124-B891-92C15E12C32F}.Release|Any CPU.ActiveCfg = Release|Any CPU
		{B65C3155-C52A-4124-B891-92C15E12C32F}.Release|Any CPU.Build.0 = Release|Any CPU
		{86EE2439-4FEC-4EF6-B478-39B43DA05C61}.Debug|Any CPU.ActiveCfg = Debug|Any CPU
		{86EE2439-4FEC-4EF6-B478-39B43DA05C61}.Debug|Any CPU.Build.0 = Debug|Any CPU
		{86EE2439-4FEC-4EF6-B478-39B43DA05C61}.Release|Any CPU.ActiveCfg = Release|Any CPU
		{86EE2439-4FEC-4EF6-B478-39B43DA05C61}.Release|Any CPU.Build.0 = Release|Any CPU
		{D542C6EB-EB6B-43CD-A030-55BF453054A2}.Debug|Any CPU.ActiveCfg = Debug|Any CPU
		{D542C6EB-EB6B-43CD-A030-55BF453054A2}.Debug|Any CPU.Build.0 = Debug|Any CPU
		{D542C6EB-EB6B-43CD-A030-55BF453054A2}.Release|Any CPU.ActiveCfg = Release|Any CPU
		{D542C6EB-EB6B-43CD-A030-55BF453054A2}.Release|Any CPU.Build.0 = Release|Any CPU
	EndGlobalSection
	GlobalSection(SolutionProperties) = preSolution
		HideSolutionNode = FALSE
	EndGlobalSection
EndGlobal
